
Microsoft Visual Studio Solution File, Format Version 12.00
# Visual Studio Version 17
VisualStudioVersion = 17.2.32519.379
MinimumVisualStudioVersion = 10.0.40219.1
Project("{FAE04EC0-301F-11D3-BF4B-00C04F79EFBC}") = "ElementsOfHarmony", "ElementsOfHarmony\ElementsOfHarmony.csproj", "{91F38739-5BF2-4BD9-95B0-57D5B2809717}"
EndProject
Global
	GlobalSection(SolutionConfigurationPlatforms) = preSolution
		Debug|Any CPU = Debug|Any CPU
		Release|Any CPU = Release|Any CPU
	EndGlobalSection
	GlobalSection(ProjectConfigurationPlatforms) = postSolution
		{91F38739-5BF2-4BD9-95B0-57D5B2809717}.Debug|Any CPU.ActiveCfg = Debug|Any CPU
		{91F38739-5BF2-4BD9-95B0-57D5B2809717}.Debug|Any CPU.Build.0 = Debug|Any CPU
		{91F38739-5BF2-4BD9-95B0-57D5B2809717}.Release|Any CPU.ActiveCfg = Release|Any CPU
		{91F38739-5BF2-4BD9-95B0-57D5B2809717}.Release|Any CPU.Build.0 = Release|Any CPU
	EndGlobalSection
	GlobalSection(SolutionProperties) = preSolution
		HideSolutionNode = FALSE
	EndGlobalSection
	GlobalSection(ExtensibilityGlobals) = postSolution
		SolutionGuid = {22A4A59C-B668-4B2B-93D8-06A5D6B0FF85}
	EndGlobalSection
EndGlobal
