<?xml version="1.0" encoding="utf-8"?>
<Project ToolsVersion="4.0" xmlns="http://schemas.microsoft.com/developer/msbuild/2003">
  <ItemGroup>
    <Filter Include="PCH">
      <UniqueIdentifier>{79090446-83e5-4f61-8c67-2780a1d2452a}</UniqueIdentifier>
    </Filter>
    <Filter Include="RES">
      <UniqueIdentifier>{47fc57f7-d314-400f-b638-5838e1336903}</UniqueIdentifier>
    </Filter>
  </ItemGroup>
  <ItemGroup>
    <ClInclude Include="pch.h">
      <Filter>PCH</Filter>
    </ClInclude>
    <ClInclude Include="framework.h">
      <Filter>PCH</Filter>
    </ClInclude>
    <ClInclude Include="framework.h">
      <Filter>PCH</Filter>
    </ClInclude>
    <ClInclude Include="resource.h">
      <Filter>RES</Filter>
    </ClInclude>
  </ItemGroup>
  <ItemGroup>
    <ClCompile Include="pch.cpp">
      <Filter>PCH</Filter>
    </ClCompile>
    <ClCompile Include="DirectXHook.cpp" />
    <ClCompile Include="OverlayDirect2D.cpp" />
  </ItemGroup>
  <ItemGroup>
    <ResourceCompile Include="Resource.rc">
      <Filter>RES</Filter>
    </ResourceCompile>
  </ItemGroup>
</Project>